
Microsoft Visual Studio Solution File, Format Version 12.00
# Visual Studio Version 16
VisualStudioVersion = 16.0.32428.217
MinimumVisualStudioVersion = 10.0.40219.1
Project("{9A19103F-16F7-4668-BE54-9A1E7A4F7556}") = "lab4", "lab4\lab4.csproj", "{730A67B7-0ED2-4E64-9648-5D8DDD04CF0D}"
EndProject
Project("{9A19103F-16F7-4668-BE54-9A1E7A4F7556}") = "lab4Tests1", "lab4Tests1\lab4Tests1.csproj", "{A0AF05BB-CBE8-4064-A061-3F7463A4AFE7}"
EndProject
Global
	GlobalSection(SolutionConfigurationPlatforms) = preSolution
		Debug|Any CPU = Debug|Any CPU
		Release|Any CPU = Release|Any CPU
	EndGlobalSection
	GlobalSection(ProjectConfigurationPlatforms) = postSolution
		{730A67B7-0ED2-4E64-9648-5D8DDD04CF0D}.Debug|Any CPU.ActiveCfg = Debug|Any CPU
		{730A67B7-0ED2-4E64-9648-5D8DDD04CF0D}.Debug|Any CPU.Build.0 = Debug|Any CPU
		{730A67B7-0ED2-4E64-9648-5D8DDD04CF0D}.Release|Any CPU.ActiveCfg = Release|Any CPU
		{730A67B7-0ED2-4E64-9648-5D8DDD04CF0D}.Release|Any CPU.Build.0 = Release|Any CPU
		{A0AF05BB-CBE8-4064-A061-3F7463A4AFE7}.Debug|Any CPU.ActiveCfg = Debug|Any CPU
		{A0AF05BB-CBE8-4064-A061-3F7463A4AFE7}.Debug|Any CPU.Build.0 = Debug|Any CPU
		{A0AF05BB-CBE8-4064-A061-3F7463A4AFE7}.Release|Any CPU.ActiveCfg = Release|Any CPU
		{A0AF05BB-CBE8-4064-A061-3F7463A4AFE7}.Release|Any CPU.Build.0 = Release|Any CPU
	EndGlobalSection
	GlobalSection(SolutionProperties) = preSolution
		HideSolutionNode = FALSE
	EndGlobalSection
	GlobalSection(ExtensibilityGlobals) = postSolution
		SolutionGuid = {87FA7F07-2A6F-4CFB-99EB-AAC731FFC5F7}
	EndGlobalSection
EndGlobal
